
Microsoft Visual Studio Solution File, Format Version 12.00
Project("{2150E333-8FDC-42A3-9474-1A3956D46DE8}") = "HomeWork", "HomeWork", "{800CDF8F-59BA-404A-98E1-2CE0B8835827}"
EndProject
Project("{FAE04EC0-301F-11D3-BF4B-00C04F79EFBC}") = "List", "HomeWork\List\List.csproj", "{63D20DBB-6FFD-46C6-8058-36043E14D53C}"
EndProject
Global
	GlobalSection(SolutionConfigurationPlatforms) = preSolution
		Debug|Any CPU = Debug|Any CPU
		Release|Any CPU = Release|Any CPU
	EndGlobalSection
	GlobalSection(ProjectConfigurationPlatforms) = postSolution
		{63D20DBB-6FFD-46C6-8058-36043E14D53C}.Debug|Any CPU.ActiveCfg = Debug|Any CPU
		{63D20DBB-6FFD-46C6-8058-36043E14D53C}.Debug|Any CPU.Build.0 = Debug|Any CPU
		{63D20DBB-6FFD-46C6-8058-36043E14D53C}.Release|Any CPU.ActiveCfg = Release|Any CPU
		{63D20DBB-6FFD-46C6-8058-36043E14D53C}.Release|Any CPU.Build.0 = Release|Any CPU
	EndGlobalSection
	GlobalSection(NestedProjects) = preSolution
		{63D20DBB-6FFD-46C6-8058-36043E14D53C} = {800CDF8F-59BA-404A-98E1-2CE0B8835827}
	EndGlobalSection
EndGlobal
